
Microsoft Visual Studio Solution File, Format Version 12.00
# Visual Studio Version 17
VisualStudioVersion = 17.11.35222.181
MinimumVisualStudioVersion = 10.0.40219.1
Project("{F184B08F-C81C-45F6-A57F-5ABD9991F28F}") = "latihan array multidimensi", "latihan array multidimensi\latihan array multidimensi.vbproj", "{409BDCD4-9E44-48F2-82BD-E6A801B012B6}"
EndProject
Global
	GlobalSection(SolutionConfigurationPlatforms) = preSolution
		Debug|Any CPU = Debug|Any CPU
		Release|Any CPU = Release|Any CPU
	EndGlobalSection
	GlobalSection(ProjectConfigurationPlatforms) = postSolution
		{409BDCD4-9E44-48F2-82BD-E6A801B012B6}.Debug|Any CPU.ActiveCfg = Debug|Any CPU
		{409BDCD4-9E44-48F2-82BD-E6A801B012B6}.Debug|Any CPU.Build.0 = Debug|Any CPU
		{409BDCD4-9E44-48F2-82BD-E6A801B012B6}.Release|Any CPU.ActiveCfg = Release|Any CPU
		{409BDCD4-9E44-48F2-82BD-E6A801B012B6}.Release|Any CPU.Build.0 = Release|Any CPU
	EndGlobalSection
	GlobalSection(SolutionProperties) = preSolution
		HideSolutionNode = FALSE
	EndGlobalSection
	GlobalSection(ExtensibilityGlobals) = postSolution
		SolutionGuid = {08ABB9A8-C996-4046-9DBF-20DA7476CEE5}
	EndGlobalSection
EndGlobal
